
Microsoft Visual Studio Solution File, Format Version 12.00
# Visual Studio Version 17
VisualStudioVersion = 17.1.32210.238
MinimumVisualStudioVersion = 10.0.40219.1
Project("{2150E333-8FDC-42A3-9474-1A3956D46DE8}") = "src", "src", "{5D296F3B-8E7B-446F-916B-F930F2B800E0}"
EndProject
Project("{2150E333-8FDC-42A3-9474-1A3956D46DE8}") = "test", "test", "{F66565AD-F3D4-48D3-8699-D63D02A03A7E}"
EndProject
Project("{9A19103F-16F7-4668-BE54-9A1E7A4F7556}") = "CronParser", "src\CronParser\CronParser.csproj", "{B899828B-5531-4023-AC5B-719CFFDCA024}"
EndProject
Project("{FAE04EC0-301F-11D3-BF4B-00C04F79EFBC}") = "CronParser.Tests", "test\CronParser.Tests\CronParser.Tests.csproj", "{0623994A-C677-4393-85AB-B2BA29B397BF}"
EndProject
Global
	GlobalSection(SolutionConfigurationPlatforms) = preSolution
		Debug|Any CPU = Debug|Any CPU
		Release|Any CPU = Release|Any CPU
	EndGlobalSection
	GlobalSection(ProjectConfigurationPlatforms) = postSolution
		{B899828B-5531-4023-AC5B-719CFFDCA024}.Debug|Any CPU.ActiveCfg = Debug|Any CPU
		{B899828B-5531-4023-AC5B-719CFFDCA024}.Debug|Any CPU.Build.0 = Debug|Any CPU
		{B899828B-5531-4023-AC5B-719CFFDCA024}.Release|Any CPU.ActiveCfg = Release|Any CPU
		{B899828B-5531-4023-AC5B-719CFFDCA024}.Release|Any CPU.Build.0 = Release|Any CPU
		{0623994A-C677-4393-85AB-B2BA29B397BF}.Debug|Any CPU.ActiveCfg = Debug|Any CPU
		{0623994A-C677-4393-85AB-B2BA29B397BF}.Debug|Any CPU.Build.0 = Debug|Any CPU
		{0623994A-C677-4393-85AB-B2BA29B397BF}.Release|Any CPU.ActiveCfg = Release|Any CPU
		{0623994A-C677-4393-85AB-B2BA29B397BF}.Release|Any CPU.Build.0 = Release|Any CPU
	EndGlobalSection
	GlobalSection(SolutionProperties) = preSolution
		HideSolutionNode = FALSE
	EndGlobalSection
	GlobalSection(NestedProjects) = preSolution
		{B899828B-5531-4023-AC5B-719CFFDCA024} = {5D296F3B-8E7B-446F-916B-F930F2B800E0}
		{0623994A-C677-4393-85AB-B2BA29B397BF} = {F66565AD-F3D4-48D3-8699-D63D02A03A7E}
	EndGlobalSection
	GlobalSection(ExtensibilityGlobals) = postSolution
		SolutionGuid = {7EFBD341-47C2-4AF9-9E92-807D3EEB7763}
	EndGlobalSection
EndGlobal
